{
  "name": "jsonresume-theme-paper-plus-plus",
  "version": "0.4.1",
  "lockfileVersion": 1,
  "requires": true,
  "dependencies": {
    "argparse": {
      "version": "0.1.16",
      "resolved": "https://registry.npmjs.org/argparse/-/argparse-0.1.16.tgz",
      "integrity": "sha1-z9AeD7uj1srtBJ+9dY1A9lGW9Xw=",
      "requires": {
        "underscore": "~1.7.0",
        "underscore.string": "~2.4.0"
      }
    },
    "autolinker": {
      "version": "0.15.3",
      "resolved": "https://registry.npmjs.org/autolinker/-/autolinker-0.15.3.tgz",
      "integrity": "sha1-NCQX2PLzRhsUzwkIjV7fh5HcmDI="
    },
    "handlebars-utils": {
      "version": "1.0.6",
      "resolved": "https://registry.npmjs.org/handlebars-utils/-/handlebars-utils-1.0.6.tgz",
      "integrity": "sha512-d5mmoQXdeEqSKMtQQZ9WkiUcO1E3tPbWxluCK9hVgIDPzQa9WsKo3Lbe/sGflTe7TomHEeZaOgwIkyIr1kfzkw==",
      "requires": {
        "kind-of": "^6.0.0",
        "typeof-article": "^0.1.1"
      }
    },
    "helper-markdown": {
      "version": "1.0.0",
      "resolved": "https://registry.npmjs.org/helper-markdown/-/helper-markdown-1.0.0.tgz",
      "integrity": "sha512-AnDqMS4ejkQK0MXze7pA9TM3pu01ZY+XXsES6gEE0RmCGk5/NIfvTn0NmItfyDOjRAzyo9z6X7YHbHX4PzIvOA==",
      "requires": {
        "handlebars-utils": "^1.0.2",
        "highlight.js": "^9.12.0",
        "remarkable": "^1.7.1"
      }
    },
    "highlight.js": {
      "version": "9.14.2",
      "resolved": "https://registry.npmjs.org/highlight.js/-/highlight.js-9.14.2.tgz",
      "integrity": "sha512-Nc6YNECYpxyJABGYJAyw7dBAYbXEuIzwzkqoJnwbc1nIpCiN+3ioYf0XrBnLiyyG0JLuJhpPtt2iTSbXiKLoyA=="
    },
    "is-buffer": {
      "version": "1.1.6",
      "resolved": "https://registry.npmjs.org/is-buffer/-/is-buffer-1.1.6.tgz",
      "integrity": "sha512-NcdALwpXkTm5Zvvbk7owOUSvVvBKDgKP5/ewfXEznmQFfs4ZRmanOeKBTjRVjka3QFoN6XJ+9F3USqfHqTaU5w=="
    },
    "kind-of": {
      "version": "6.0.2",
      "resolved": "https://registry.npmjs.org/kind-of/-/kind-of-6.0.2.tgz",
      "integrity": "sha512-s5kLOcnH0XqDO+FvuaLX8DDjZ18CGFk7VygH40QoKPUQhW4e2rvM0rwUq0t8IQDOwYSeLK01U90OjzBTme2QqA=="
    },
    "remarkable": {
      "version": "1.7.1",
      "resolved": "https://registry.npmjs.org/remarkable/-/remarkable-1.7.1.tgz",
      "integrity": "sha1-qspJchALZqZCpjoQIcpLrBvjv/Y=",
      "requires": {
        "argparse": "~0.1.15",
        "autolinker": "~0.15.0"
      }
    },
    "typeof-article": {
      "version": "0.1.1",
      "resolved": "https://registry.npmjs.org/typeof-article/-/typeof-article-0.1.1.tgz",
      "integrity": "sha1-nwfnM8P7tkb/qeYcCN66zUYOBq8=",
      "requires": {
        "kind-of": "^3.1.0"
      },
      "dependencies": {
        "kind-of": {
          "version": "3.2.2",
          "resolved": "https://registry.npmjs.org/kind-of/-/kind-of-3.2.2.tgz",
          "integrity": "sha1-MeohpzS6ubuw8yRm2JOupR5KPGQ=",
          "requires": {
            "is-buffer": "^1.1.5"
          }
        }
      }
    },
    "underscore": {
      "version": "1.7.0",
      "resolved": "https://registry.npmjs.org/underscore/-/underscore-1.7.0.tgz",
      "integrity": "sha1-a7rwh3UA02vjTsqlhODbn+8DUgk="
    },
    "underscore.string": {
      "version": "2.4.0",
      "resolved": "https://registry.npmjs.org/underscore.string/-/underscore.string-2.4.0.tgz",
      "integrity": "sha1-jN2PusTi0uoefi6Al8QvRCKA+Fs="
    }
  }
}
